
Microsoft Visual Studio Solution File, Format Version 12.00
# Visual Studio Version 16
VisualStudioVersion = 16.0.29424.173
MinimumVisualStudioVersion = 10.0.40219.1
Project("{FAE04EC0-301F-11D3-BF4B-00C04F79EFBC}") = "WindowsFormsAppKcoTestSsh", "WindowsFormsAppKcoTestSsh.csproj", "{B62DBBC3-B180-4222-ADDC-600BF3BD528B}"
EndProject
Global
	GlobalSection(SolutionConfigurationPlatforms) = preSolution
		Debug|Any CPU = Debug|Any CPU
		Release|Any CPU = Release|Any CPU
	EndGlobalSection
	GlobalSection(ProjectConfigurationPlatforms) = postSolution
		{B62DBBC3-B180-4222-ADDC-600BF3BD528B}.Debug|Any CPU.ActiveCfg = Debug|Any CPU
		{B62DBBC3-B180-4222-ADDC-600BF3BD528B}.Debug|Any CPU.Build.0 = Debug|Any CPU
		{B62DBBC3-B180-4222-ADDC-600BF3BD528B}.Release|Any CPU.ActiveCfg = Release|Any CPU
		{B62DBBC3-B180-4222-ADDC-600BF3BD528B}.Release|Any CPU.Build.0 = Release|Any CPU
	EndGlobalSection
	GlobalSection(SolutionProperties) = preSolution
		HideSolutionNode = FALSE
	EndGlobalSection
	GlobalSection(ExtensibilityGlobals) = postSolution
		SolutionGuid = {6E51DA63-17BE-4914-978D-BCF548568C7C}
	EndGlobalSection
EndGlobal
